<?xml version="1.0" encoding="utf-8"?>
<Project ToolsVersion="4.0" xmlns="http://schemas.microsoft.com/developer/msbuild/2003">
  <ItemGroup>
    <ClCompile Include="..\..\el\comp\stdafx.cpp">
      <Filter>Comp</Filter>
    </ClCompile>
    <ClCompile Include="miner-opencl.cpp">
      <Filter>Source Files\devices</Filter>
    </ClCompile>
    <ClCompile Include="bitcoin-miner.cpp">
      <Filter>Source Files</Filter>
    </ClCompile>
    <ClCompile Include="hasher\hasher-groestl.cpp">
      <Filter>Source Files\hasher</Filter>
    </ClCompile>
  </ItemGroup>
  <ItemGroup>
    <Filter Include="Comp">
      <UniqueIdentifier>{34cfb8fa-46e1-4279-9256-743e2267a965}</UniqueIdentifier>
    </Filter>
    <Filter Include="Resources">
      <UniqueIdentifier>{99dc3eee-56ee-4c44-ae7d-947d382340a9}</UniqueIdentifier>
    </Filter>
    <Filter Include="Source Files">
      <UniqueIdentifier>{c1b781a5-7a72-4d16-a33d-1dc7d9a5f595}</UniqueIdentifier>
    </Filter>
    <Filter Include="Source Files\devices">
      <UniqueIdentifier>{fadfd800-2a01-4c95-acc5-5708712fc027}</UniqueIdentifier>
    </Filter>
    <Filter Include="Source Files\hasher">
      <UniqueIdentifier>{384deb41-70d3-4a69-a1a3-ebee7f05770c}</UniqueIdentifier>
    </Filter>
  </ItemGroup>
  <ItemGroup>
    <ClInclude Include="resource.h">
      <Filter>Resources</Filter>
    </ClInclude>
  </ItemGroup>
  <ItemGroup>
    <ResourceCompile Include="bitcoin-miner.rc">
      <Filter>Resources</Filter>
    </ResourceCompile>
  </ItemGroup>
</Project>